
Microsoft Visual Studio Solution File, Format Version 12.00
# Visual Studio Version 16
VisualStudioVersion = 16.0.30225.117
MinimumVisualStudioVersion = 10.0.40219.1
Project("{9A19103F-16F7-4668-BE54-9A1E7A4F7556}") = "MyLayercake.Core", "MyLayercake.Core\MyLayercake.Core.csproj", "{60B12E86-45A8-453B-98B2-60EE5313E8DA}"
EndProject
Project("{9A19103F-16F7-4668-BE54-9A1E7A4F7556}") = "MyLayercake.DataProvider", "MyLayercake.DataProvider\MyLayercake.DataProvider.csproj", "{F2562B49-B6ED-471B-A627-EA0A487D8E5D}"
EndProject
Project("{9A19103F-16F7-4668-BE54-9A1E7A4F7556}") = "MyLayercake.Sql", "MyLayercake.Sql\MyLayercake.Sql.csproj", "{B46CA80C-DBB8-44C2-BE56-6609C1264467}"
EndProject
Project("{9A19103F-16F7-4668-BE54-9A1E7A4F7556}") = "MyLayercake.UnitTests", "MyLayercake.UnitTests\MyLayercake.UnitTests.csproj", "{23833001-1B0D-4E1D-A63C-2C0DC3C6F8D9}"
EndProject
Project("{9A19103F-16F7-4668-BE54-9A1E7A4F7556}") = "MyLayercake.Utilities", "MyLayercake.Utilities\MyLayercake.Utilities.csproj", "{0AAF3E59-2FED-4A8C-8D14-B9A3C705224A}"
EndProject
Project("{FAE04EC0-301F-11D3-BF4B-00C04F79EFBC}") = "MyLayercake.Ntier.Example", "MyLayercake.Ntier.Example\MyLayercake.Ntier.Example.csproj", "{41F5509B-763B-41E6-AAD1-5FA96FF8092A}"
EndProject
Project("{FAE04EC0-301F-11D3-BF4B-00C04F79EFBC}") = "MyLayercake.NTier.Example.BusinesObjects", "MyLayercake.NTier.Example.BusinesObjects\MyLayercake.NTier.Example.BusinesObjects.csproj", "{9B01D2FD-603C-48AC-9113-D8CC09F54519}"
EndProject
Project("{FAE04EC0-301F-11D3-BF4B-00C04F79EFBC}") = "MyLayercake.NTier.Example.DataAccess", "MyLayercake.NTier.Example.DataAccess\MyLayercake.NTier.Example.DataAccess.csproj", "{68796925-4500-454A-BDBB-59A5CDFB8415}"
EndProject
Project("{FAE04EC0-301F-11D3-BF4B-00C04F79EFBC}") = "MyLayercake.NTier.Example.BusinessLayer", "MyLayercake.NTier.Example.BusinessLayer\MyLayercake.NTier.Example.BusinessLayer.csproj", "{D306F18E-EFE5-4F6D-9F1C-2A3B38FE681C}"
EndProject
Project("{FAE04EC0-301F-11D3-BF4B-00C04F79EFBC}") = "MyWorkbench.NTier.WebApi", "MyWorkbench.NTier.WebApi\MyWorkbench.NTier.WebApi.csproj", "{6E3A3A36-F8DE-4562-A8AC-F8B9D3206F0A}"
EndProject
Global
	GlobalSection(SolutionConfigurationPlatforms) = preSolution
		Debug|Any CPU = Debug|Any CPU
		Release|Any CPU = Release|Any CPU
	EndGlobalSection
	GlobalSection(ProjectConfigurationPlatforms) = postSolution
		{60B12E86-45A8-453B-98B2-60EE5313E8DA}.Debug|Any CPU.ActiveCfg = Debug|Any CPU
		{60B12E86-45A8-453B-98B2-60EE5313E8DA}.Debug|Any CPU.Build.0 = Debug|Any CPU
		{60B12E86-45A8-453B-98B2-60EE5313E8DA}.Release|Any CPU.ActiveCfg = Release|Any CPU
		{60B12E86-45A8-453B-98B2-60EE5313E8DA}.Release|Any CPU.Build.0 = Release|Any CPU
		{F2562B49-B6ED-471B-A627-EA0A487D8E5D}.Debug|Any CPU.ActiveCfg = Debug|Any CPU
		{F2562B49-B6ED-471B-A627-EA0A487D8E5D}.Debug|Any CPU.Build.0 = Debug|Any CPU
		{F2562B49-B6ED-471B-A627-EA0A487D8E5D}.Release|Any CPU.ActiveCfg = Release|Any CPU
		{F2562B49-B6ED-471B-A627-EA0A487D8E5D}.Release|Any CPU.Build.0 = Release|Any CPU
		{B46CA80C-DBB8-44C2-BE56-6609C1264467}.Debug|Any CPU.ActiveCfg = Debug|Any CPU
		{B46CA80C-DBB8-44C2-BE56-6609C1264467}.Debug|Any CPU.Build.0 = Debug|Any CPU
		{B46CA80C-DBB8-44C2-BE56-6609C1264467}.Release|Any CPU.ActiveCfg = Release|Any CPU
		{B46CA80C-DBB8-44C2-BE56-6609C1264467}.Release|Any CPU.Build.0 = Release|Any CPU
		{23833001-1B0D-4E1D-A63C-2C0DC3C6F8D9}.Debug|Any CPU.ActiveCfg = Debug|Any CPU
		{23833001-1B0D-4E1D-A63C-2C0DC3C6F8D9}.Debug|Any CPU.Build.0 = Debug|Any CPU
		{23833001-1B0D-4E1D-A63C-2C0DC3C6F8D9}.Release|Any CPU.ActiveCfg = Release|Any CPU
		{23833001-1B0D-4E1D-A63C-2C0DC3C6F8D9}.Release|Any CPU.Build.0 = Release|Any CPU
		{0AAF3E59-2FED-4A8C-8D14-B9A3C705224A}.Debug|Any CPU.ActiveCfg = Debug|Any CPU
		{0AAF3E59-2FED-4A8C-8D14-B9A3C705224A}.Debug|Any CPU.Build.0 = Debug|Any CPU
		{0AAF3E59-2FED-4A8C-8D14-B9A3C705224A}.Release|Any CPU.ActiveCfg = Release|Any CPU
		{0AAF3E59-2FED-4A8C-8D14-B9A3C705224A}.Release|Any CPU.Build.0 = Release|Any CPU
		{41F5509B-763B-41E6-AAD1-5FA96FF8092A}.Debug|Any CPU.ActiveCfg = Debug|Any CPU
		{41F5509B-763B-41E6-AAD1-5FA96FF8092A}.Debug|Any CPU.Build.0 = Debug|Any CPU
		{41F5509B-763B-41E6-AAD1-5FA96FF8092A}.Release|Any CPU.ActiveCfg = Release|Any CPU
		{41F5509B-763B-41E6-AAD1-5FA96FF8092A}.Release|Any CPU.Build.0 = Release|Any CPU
		{9B01D2FD-603C-48AC-9113-D8CC09F54519}.Debug|Any CPU.ActiveCfg = Debug|Any CPU
		{9B01D2FD-603C-48AC-9113-D8CC09F54519}.Debug|Any CPU.Build.0 = Debug|Any CPU
		{9B01D2FD-603C-48AC-9113-D8CC09F54519}.Release|Any CPU.ActiveCfg = Release|Any CPU
		{9B01D2FD-603C-48AC-9113-D8CC09F54519}.Release|Any CPU.Build.0 = Release|Any CPU
		{68796925-4500-454A-BDBB-59A5CDFB8415}.Debug|Any CPU.ActiveCfg = Debug|Any CPU
		{68796925-4500-454A-BDBB-59A5CDFB8415}.Debug|Any CPU.Build.0 = Debug|Any CPU
		{68796925-4500-454A-BDBB-59A5CDFB8415}.Release|Any CPU.ActiveCfg = Release|Any CPU
		{68796925-4500-454A-BDBB-59A5CDFB8415}.Release|Any CPU.Build.0 = Release|Any CPU
		{D306F18E-EFE5-4F6D-9F1C-2A3B38FE681C}.Debug|Any CPU.ActiveCfg = Debug|Any CPU
		{D306F18E-EFE5-4F6D-9F1C-2A3B38FE681C}.Debug|Any CPU.Build.0 = Debug|Any CPU
		{D306F18E-EFE5-4F6D-9F1C-2A3B38FE681C}.Release|Any CPU.ActiveCfg = Release|Any CPU
		{D306F18E-EFE5-4F6D-9F1C-2A3B38FE681C}.Release|Any CPU.Build.0 = Release|Any CPU
		{6E3A3A36-F8DE-4562-A8AC-F8B9D3206F0A}.Debug|Any CPU.ActiveCfg = Debug|Any CPU
		{6E3A3A36-F8DE-4562-A8AC-F8B9D3206F0A}.Debug|Any CPU.Build.0 = Debug|Any CPU
		{6E3A3A36-F8DE-4562-A8AC-F8B9D3206F0A}.Release|Any CPU.ActiveCfg = Release|Any CPU
		{6E3A3A36-F8DE-4562-A8AC-F8B9D3206F0A}.Release|Any CPU.Build.0 = Release|Any CPU
	EndGlobalSection
	GlobalSection(SolutionProperties) = preSolution
		HideSolutionNode = FALSE
	EndGlobalSection
	GlobalSection(ExtensibilityGlobals) = postSolution
		SolutionGuid = {1AFC3B1D-9F71-4A28-8103-906A67487C58}
	EndGlobalSection
EndGlobal
